
Microsoft Visual Studio Solution File, Format Version 12.00
# Visual Studio 15
VisualStudioVersion = 15.0.28307.960
MinimumVisualStudioVersion = 10.0.40219.1
Project("{8BC9CEB8-8B4A-11D0-8D11-00A0C91BC942}") = "ChrisHarrisonClassRoster2", "ChrisHarrisonClassRoster2.vcxproj", "{D76982CA-DCE2-41B2-8395-FE4529AF2577}"
EndProject
Global
	GlobalSection(SolutionConfigurationPlatforms) = preSolution
		Debug|x64 = Debug|x64
		Debug|x86 = Debug|x86
		Release|x64 = Release|x64
		Release|x86 = Release|x86
	EndGlobalSection
	GlobalSection(ProjectConfigurationPlatforms) = postSolution
		{D76982CA-DCE2-41B2-8395-FE4529AF2577}.Debug|x64.ActiveCfg = Debug|x64
		{D76982CA-DCE2-41B2-8395-FE4529AF2577}.Debug|x64.Build.0 = Debug|x64
		{D76982CA-DCE2-41B2-8395-FE4529AF2577}.Debug|x86.ActiveCfg = Debug|Win32
		{D76982CA-DCE2-41B2-8395-FE4529AF2577}.Debug|x86.Build.0 = Debug|Win32
		{D76982CA-DCE2-41B2-8395-FE4529AF2577}.Release|x64.ActiveCfg = Release|x64
		{D76982CA-DCE2-41B2-8395-FE4529AF2577}.Release|x64.Build.0 = Release|x64
		{D76982CA-DCE2-41B2-8395-FE4529AF2577}.Release|x86.ActiveCfg = Release|Win32
		{D76982CA-DCE2-41B2-8395-FE4529AF2577}.Release|x86.Build.0 = Release|Win32
	EndGlobalSection
	GlobalSection(SolutionProperties) = preSolution
		HideSolutionNode = FALSE
	EndGlobalSection
	GlobalSection(ExtensibilityGlobals) = postSolution
		SolutionGuid = {8062A9B0-562B-4567-A8BF-57743FC710F6}
	EndGlobalSection
EndGlobal
